PODS:
  - BigInt (3.1.0):
    - SipHash (~> 1.2)
  - CryptoSwift (0.10.0)
  - FMDB (2.7.2):
    - FMDB/standard (= 2.7.2)
  - FMDB/standard (2.7.2)
  - JXFMDBHelper (0.1.1):
    - FMDB (~> 2.7.2)
  - libsodium (1.0.12)
  - PromiseKit (6.3.4):
    - PromiseKit/CorePromise (= 6.3.4)
    - PromiseKit/Foundation (= 6.3.4)
    - PromiseKit/UIKit (= 6.3.4)
  - PromiseKit/CorePromise (6.3.4)
  - PromiseKit/Foundation (6.3.4):
    - PromiseKit/CorePromise
  - PromiseKit/UIKit (6.3.4):
    - PromiseKit/CorePromise
  - Result (3.0.0)
  - secp256k1_ios (0.1.3)
  - SipHash (1.2.2)
  - web3swift (1.0.0):
    - BigInt (~> 3.1.0)
    - CryptoSwift (~> 0.10.0)
    - libsodium (~> 1.0.12)
    - PromiseKit (~> 6.3.0)
    - Result (~> 3.0.0)
    - secp256k1_ios (~> 0.1.3)

DEPENDENCIES:
  - JXFMDBHelper
  - web3swift (from `https://github.com/BANKEX/web3swift.git`)

SPEC REPOS:
  https://github.com/CocoaPods/Specs.git:
    - BigInt
    - CryptoSwift
    - FMDB
    - JXFMDBHelper
    - libsodium
    - PromiseKit
    - Result
    - secp256k1_ios
    - SipHash

EXTERNAL SOURCES:
  web3swift:
    :git: https://github.com/BANKEX/web3swift.git

CHECKOUT OPTIONS:
  web3swift:
    :commit: 4e55b79ed8f85b7ef8b10bcd23d91ebd98272edd
    :git: https://github.com/BANKEX/web3swift.git

SPEC CHECKSUMS:
  BigInt: 76b5dfdfa3e2e478d4ffdf161aeede5502e2742f
  CryptoSwift: 6c778d69282bed3b4e975ff97a79d074f20bb011
  FMDB: 6198a90e7b6900cfc046e6bc0ef6ebb7be9236aa
  JXFMDBHelper: 4658372cf70534ccdc7162f5d376f7421480035a
  libsodium: 9a8faa5ef2fa0d2d57bd7f7d79bf8fb7c1a9f0ea
  PromiseKit: e1425568123ec844a944c93f2bcb29d511d39cf5
  Result: 1b3e431f37cbcd3ad89c6aa9ab0ae55515fae3b6
  secp256k1_ios: ac9ef04e761f43c58012b28548afa91493761f17
  SipHash: fad90a4683e420c52ef28063063dbbce248ea6d4
  web3swift: f95dfd47c53b6c3afda834360a4e63965125e629

PODFILE CHECKSUM: 1bffa64eb566d834247d996efe65078db42b20c7

COCOAPODS: 1.5.0
