// !$*UTF8*$!
{
	archiveVersion = 1;
	classes = {
	};
	objectVersion = 51;
	objects = {

/* Begin PBXBuildFile section */
		351DD43421C4A275007E94FA /* BaseViewModel.swift in Sources */ = {isa = PBXBuildFile; fileRef = 351DD42721C4A274007E94FA /* BaseViewModel.swift */; };
		351DD43521C4A275007E94FA /* BaseModel.swift in Sources */ = {isa = PBXBuildFile; fileRef = 351DD42921C4A275007E94FA /* BaseModel.swift */; };
		351DD43621C4A275007E94FA /* JXDefaultView.swift in Sources */ = {isa = PBXBuildFile; fileRef = 351DD42B21C4A275007E94FA /* JXDefaultView.swift */; };
		351DD43721C4A275007E94FA /* JXCollectionViewController.swift in Sources */ = {isa = PBXBuildFile; fileRef = 351DD42D21C4A275007E94FA /* JXCollectionViewController.swift */; };
		351DD43821C4A275007E94FA /* JXNavigationController.swift in Sources */ = {isa = PBXBuildFile; fileRef = 351DD42E21C4A275007E94FA /* JXNavigationController.swift */; };
		351DD43921C4A275007E94FA /* JXBaseViewController.swift in Sources */ = {isa = PBXBuildFile; fileRef = 351DD42F21C4A275007E94FA /* JXBaseViewController.swift */; };
		351DD43A21C4A275007E94FA /* ZPCollectionViewController.swift in Sources */ = {isa = PBXBuildFile; fileRef = 351DD43021C4A275007E94FA /* ZPCollectionViewController.swift */; };
		351DD43B21C4A275007E94FA /* JXWkWebViewController.swift in Sources */ = {isa = PBXBuildFile; fileRef = 351DD43121C4A275007E94FA /* JXWkWebViewController.swift */; };
		351DD43C21C4A275007E94FA /* JSTableViewController.swift in Sources */ = {isa = PBXBuildFile; fileRef = 351DD43221C4A275007E94FA /* JSTableViewController.swift */; };
		351DD43D21C4A275007E94FA /* JXTableViewController.swift in Sources */ = {isa = PBXBuildFile; fileRef = 351DD43321C4A275007E94FA /* JXTableViewController.swift */; };
		351DD44021C4A325007E94FA /* JXNavigationBar.swift in Sources */ = {isa = PBXBuildFile; fileRef = 351DD43F21C4A325007E94FA /* JXNavigationBar.swift */; };
		351DD44221C4A84E007E94FA /* ConstantHeader.swift in Sources */ = {isa = PBXBuildFile; fileRef = 351DD44121C4A84E007E94FA /* ConstantHeader.swift */; };
		351DD44421C4B3DB007E94FA /* JXRequest.swift in Sources */ = {isa = PBXBuildFile; fileRef = 351DD44321C4B3DB007E94FA /* JXRequest.swift */; };
		351DD44A21C4C918007E94FA /* JXActionCell.swift in Sources */ = {isa = PBXBuildFile; fileRef = 351DD44621C4C918007E94FA /* JXActionCell.swift */; };
		351DD44B21C4C918007E94FA /* PropertyViewCell.swift in Sources */ = {isa = PBXBuildFile; fileRef = 351DD44721C4C918007E94FA /* PropertyViewCell.swift */; };
		351DD44C21C4C918007E94FA /* JXActionCell.xib in Resources */ = {isa = PBXBuildFile; fileRef = 351DD44821C4C918007E94FA /* JXActionCell.xib */; };
		351DD44D21C4C918007E94FA /* PropertyViewCell.xib in Resources */ = {isa = PBXBuildFile; fileRef = 351DD44921C4C918007E94FA /* PropertyViewCell.xib */; };
		351DD44F21C4DED5007E94FA /* PropertyViewController.swift in Sources */ = {isa = PBXBuildFile; fileRef = 351DD44E21C4DED5007E94FA /* PropertyViewController.swift */; };
		351DD45121C4F5D6007E94FA /* ViewManager.swift in Sources */ = {isa = PBXBuildFile; fileRef = 351DD45021C4F5D6007E94FA /* ViewManager.swift */; };
		351DD45321C4F637007E94FA /* TransferSuccessController.swift in Sources */ = {isa = PBXBuildFile; fileRef = 351DD45221C4F637007E94FA /* TransferSuccessController.swift */; };
		351DD45521C4F8DA007E94FA /* JXSelectView.swift in Sources */ = {isa = PBXBuildFile; fileRef = 351DD45421C4F8D9007E94FA /* JXSelectView.swift */; };
		351DD45721C520EB007E94FA /* ReceiptViewController.swift in Sources */ = {isa = PBXBuildFile; fileRef = 351DD45621C520EB007E94FA /* ReceiptViewController.swift */; };
		351DD45A21C5436D007E94FA /* ImageTitleCell.swift in Sources */ = {isa = PBXBuildFile; fileRef = 351DD45821C5436C007E94FA /* ImageTitleCell.swift */; };
		351DD45B21C5436D007E94FA /* ImageTitleCell.xib in Resources */ = {isa = PBXBuildFile; fileRef = 351DD45921C5436D007E94FA /* ImageTitleCell.xib */; };
		351DD45D21C61D4F007E94FA /* Export.storyboard in Resources */ = {isa = PBXBuildFile; fileRef = 351DD45C21C61D4F007E94FA /* Export.storyboard */; };
		351DD45F21C61FAC007E94FA /* ExportPKTextController.swift in Sources */ = {isa = PBXBuildFile; fileRef = 351DD45E21C61FAC007E94FA /* ExportPKTextController.swift */; };
		351DD46121C61FC6007E94FA /* ExportPKCodeController.swift in Sources */ = {isa = PBXBuildFile; fileRef = 351DD46021C61FC6007E94FA /* ExportPKCodeController.swift */; };
		351DD46321C6230F007E94FA /* JXShadowButton.swift in Sources */ = {isa = PBXBuildFile; fileRef = 351DD46221C6230F007E94FA /* JXShadowButton.swift */; };
		3522819020BA96CD001A0CA8 /* CreateWalletController.swift in Sources */ = {isa = PBXBuildFile; fileRef = 3522818F20BA96CD001A0CA8 /* CreateWalletController.swift */; };
		35249D5220C15139001C1140 /* WalletManager.swift in Sources */ = {isa = PBXBuildFile; fileRef = 35249D5120C15139001C1140 /* WalletManager.swift */; };
		35249D5520C1558E001C1140 /* WalletHeadCell.swift in Sources */ = {isa = PBXBuildFile; fileRef = 35249D5320C1558E001C1140 /* WalletHeadCell.swift */; };
		35249D5620C1558E001C1140 /* WalletHeadCell.xib in Resources */ = {isa = PBXBuildFile; fileRef = 35249D5420C1558E001C1140 /* WalletHeadCell.xib */; };
		35249D5C20C2433D001C1140 /* TransferViewController.swift in Sources */ = {isa = PBXBuildFile; fileRef = 35249D5B20C2433D001C1140 /* TransferViewController.swift */; };
		3598764F20DA25E70027F982 /* ImportWalletController.swift in Sources */ = {isa = PBXBuildFile; fileRef = 3598764E20DA25E70027F982 /* ImportWalletController.swift */; };
		3598765120DA260C0027F982 /* PrivateKeyController.swift in Sources */ = {isa = PBXBuildFile; fileRef = 3598765020DA260C0027F982 /* PrivateKeyController.swift */; };
		3598765320DA26220027F982 /* KeyStoreController.swift in Sources */ = {isa = PBXBuildFile; fileRef = 3598765220DA26220027F982 /* KeyStoreController.swift */; };
		3598765520DA2C5D0027F982 /* WalletListController.swift in Sources */ = {isa = PBXBuildFile; fileRef = 3598765420DA2C5D0027F982 /* WalletListController.swift */; };
		3598765720DA37200027F982 /* SettingViewController.swift in Sources */ = {isa = PBXBuildFile; fileRef = 3598765620DA37200027F982 /* SettingViewController.swift */; };
		3598766220DBA2250027F982 /* String+Extension.swift in Sources */ = {isa = PBXBuildFile; fileRef = 3598766120DBA2250027F982 /* String+Extension.swift */; };
		3598766420DBD1770027F982 /* WalletDetailController.swift in Sources */ = {isa = PBXBuildFile; fileRef = 3598766320DBD1770027F982 /* WalletDetailController.swift */; };
		3598766A20DC922C0027F982 /* ExportKSViewController.swift in Sources */ = {isa = PBXBuildFile; fileRef = 3598766920DC922C0027F982 /* ExportKSViewController.swift */; };
		3598766C20DC92630027F982 /* ExportKSTextController.swift in Sources */ = {isa = PBXBuildFile; fileRef = 3598766B20DC92630027F982 /* ExportKSTextController.swift */; };
		3598766E20DC927E0027F982 /* ExportPKViewController.swift in Sources */ = {isa = PBXBuildFile; fileRef = 3598766D20DC927E0027F982 /* ExportPKViewController.swift */; };
		3598767020DC92C60027F982 /* ExportKSCodeController.swift in Sources */ = {isa = PBXBuildFile; fileRef = 3598766F20DC92C60027F982 /* ExportKSCodeController.swift */; };
		3598767220DCFED60027F982 /* ModifyPasswordController.swift in Sources */ = {isa = PBXBuildFile; fileRef = 3598767120DCFED60027F982 /* ModifyPasswordController.swift */; };
		3598767420DE1F5F0027F982 /* EthUnit.swift in Sources */ = {isa = PBXBuildFile; fileRef = 3598767320DE1F5F0027F982 /* EthUnit.swift */; };
		3598767720DE3D430027F982 /* AddPropertyController.swift in Sources */ = {isa = PBXBuildFile; fileRef = 3598767620DE3D430027F982 /* AddPropertyController.swift */; };
		3598767A20DE3E430027F982 /* AddPropertyCell.swift in Sources */ = {isa = PBXBuildFile; fileRef = 3598767820DE3E430027F982 /* AddPropertyCell.swift */; };
		3598767B20DE3E430027F982 /* AddPropertyCell.xib in Resources */ = {isa = PBXBuildFile; fileRef = 3598767920DE3E430027F982 /* AddPropertyCell.xib */; };
		3598767E20DE42980027F982 /* PropertyModel.swift in Sources */ = {isa = PBXBuildFile; fileRef = 3598767D20DE42980027F982 /* PropertyModel.swift */; };
		3598768020E0D5BC0027F982 /* Web3VM.swift in Sources */ = {isa = PBXBuildFile; fileRef = 3598767F20E0D5BC0027F982 /* Web3VM.swift */; };
		35A0F34421C63ECF006B2F65 /* WalletAddressController.swift in Sources */ = {isa = PBXBuildFile; fileRef = 35A0F34321C63ECF006B2F65 /* WalletAddressController.swift */; };
		35A0F34621C661C4006B2F65 /* CreateSuccessController.swift in Sources */ = {isa = PBXBuildFile; fileRef = 35A0F34521C661C4006B2F65 /* CreateSuccessController.swift */; };
		35A0F34821C667D7006B2F65 /* Import.storyboard in Resources */ = {isa = PBXBuildFile; fileRef = 35A0F34721C667D7006B2F65 /* Import.storyboard */; };
		35A0F34E21C7CA11006B2F65 /* ExportMnemonicController.swift in Sources */ = {isa = PBXBuildFile; fileRef = 35A0F34D21C7CA11006B2F65 /* ExportMnemonicController.swift */; };
		35A0F35021C7CA3C006B2F65 /* VerifyMnemonicController.swift in Sources */ = {isa = PBXBuildFile; fileRef = 35A0F34F21C7CA3C006B2F65 /* VerifyMnemonicController.swift */; };
		35CB0D9820BA5FB60092C5FC /* AppDelegate.swift in Sources */ = {isa = PBXBuildFile; fileRef = 35CB0D9720BA5FB60092C5FC /* AppDelegate.swift */; };
		35CB0D9A20BA5FB60092C5FC /* WalletViewController.swift in Sources */ = {isa = PBXBuildFile; fileRef = 35CB0D9920BA5FB60092C5FC /* WalletViewController.swift */; };
		35CB0D9D20BA5FB60092C5FC /* Main.storyboard in Resources */ = {isa = PBXBuildFile; fileRef = 35CB0D9B20BA5FB60092C5FC /* Main.storyboard */; };
		35CB0D9F20BA5FB70092C5FC /* Assets.xcassets in Resources */ = {isa = PBXBuildFile; fileRef = 35CB0D9E20BA5FB70092C5FC /* Assets.xcassets */; };
		35CB0DA220BA5FB70092C5FC /* LaunchScreen.storyboard in Resources */ = {isa = PBXBuildFile; fileRef = 35CB0DA020BA5FB70092C5FC /* LaunchScreen.storyboard */; };
		E9958A189CFB426FC19EE7BD /* Pods_EthWallet.framework in Frameworks */ = {isa = PBXBuildFile; fileRef = 753B3A59D710853FB2B6B8C7 /* Pods_EthWallet.framework */; };
/* End PBXBuildFile section */

/* Begin PBXCopyFilesBuildPhase section */
		352281A120BAA608001A0CA8 /* Embed Frameworks */ = {
			isa = PBXCopyFilesBuildPhase;
			buildActionMask = 12;
			dstPath = "";
			dstSubfolderSpec = 10;
			files = (
			);
			name = "Embed Frameworks";
			runOnlyForDeploymentPostprocessing = 0;
		};
/* End PBXCopyFilesBuildPhase section */

/* Begin PBXFileReference section */
		351DD42721C4A274007E94FA /* BaseViewModel.swift */ = {isa = PBXFileReference; fileEncoding = 4; lastKnownFileType = sourcecode.swift; path = BaseViewModel.swift; sourceTree = "<group>"; };
		351DD42921C4A275007E94FA /* BaseModel.swift */ = {isa = PBXFileReference; fileEncoding = 4; lastKnownFileType = sourcecode.swift; path = BaseModel.swift; sourceTree = "<group>"; };
		351DD42B21C4A275007E94FA /* JXDefaultView.swift */ = {isa = PBXFileReference; fileEncoding = 4; lastKnownFileType = sourcecode.swift; path = JXDefaultView.swift; sourceTree = "<group>"; };
		351DD42D21C4A275007E94FA /* JXCollectionViewController.swift */ = {isa = PBXFileReference; fileEncoding = 4; lastKnownFileType = sourcecode.swift; path = JXCollectionViewController.swift; sourceTree = "<group>"; };
		351DD42E21C4A275007E94FA /* JXNavigationController.swift */ = {isa = PBXFileReference; fileEncoding = 4; lastKnownFileType = sourcecode.swift; path = JXNavigationController.swift; sourceTree = "<group>"; };
		351DD42F21C4A275007E94FA /* JXBaseViewController.swift */ = {isa = PBXFileReference; fileEncoding = 4; lastKnownFileType = sourcecode.swift; path = JXBaseViewController.swift; sourceTree = "<group>"; };
		351DD43021C4A275007E94FA /* ZPCollectionViewController.swift */ = {isa = PBXFileReference; fileEncoding = 4; lastKnownFileType = sourcecode.swift; path = ZPCollectionViewController.swift; sourceTree = "<group>"; };
		351DD43121C4A275007E94FA /* JXWkWebViewController.swift */ = {isa = PBXFileReference; fileEncoding = 4; lastKnownFileType = sourcecode.swift; path = JXWkWebViewController.swift; sourceTree = "<group>"; };
		351DD43221C4A275007E94FA /* JSTableViewController.swift */ = {isa = PBXFileReference; fileEncoding = 4; lastKnownFileType = sourcecode.swift; path = JSTableViewController.swift; sourceTree = "<group>"; };
		351DD43321C4A275007E94FA /* JXTableViewController.swift */ = {isa = PBXFileReference; fileEncoding = 4; lastKnownFileType = sourcecode.swift; path = JXTableViewController.swift; sourceTree = "<group>"; };
		351DD43F21C4A325007E94FA /* JXNavigationBar.swift */ = {isa = PBXFileReference; fileEncoding = 4; lastKnownFileType = sourcecode.swift; path = JXNavigationBar.swift; sourceTree = "<group>"; };
		351DD44121C4A84E007E94FA /* ConstantHeader.swift */ = {isa = PBXFileReference; fileEncoding = 4; lastKnownFileType = sourcecode.swift; path = ConstantHeader.swift; sourceTree = "<group>"; };
		351DD44321C4B3DB007E94FA /* JXRequest.swift */ = {isa = PBXFileReference; lastKnownFileType = sourcecode.swift; path = JXRequest.swift; sourceTree = "<group>"; };
		351DD44621C4C918007E94FA /* JXActionCell.swift */ = {isa = PBXFileReference; fileEncoding = 4; lastKnownFileType = sourcecode.swift; path = JXActionCell.swift; sourceTree = "<group>"; };
		351DD44721C4C918007E94FA /* PropertyViewCell.swift */ = {isa = PBXFileReference; fileEncoding = 4; lastKnownFileType = sourcecode.swift; path = PropertyViewCell.swift; sourceTree = "<group>"; };
		351DD44821C4C918007E94FA /* JXActionCell.xib */ = {isa = PBXFileReference; fileEncoding = 4; lastKnownFileType = file.xib; path = JXActionCell.xib; sourceTree = "<group>"; };
		351DD44921C4C918007E94FA /* PropertyViewCell.xib */ = {isa = PBXFileReference; fileEncoding = 4; lastKnownFileType = file.xib; path = PropertyViewCell.xib; sourceTree = "<group>"; };
		351DD44E21C4DED5007E94FA /* PropertyViewController.swift */ = {isa = PBXFileReference; lastKnownFileType = sourcecode.swift; path = PropertyViewController.swift; sourceTree = "<group>"; };
		351DD45021C4F5D6007E94FA /* ViewManager.swift */ = {isa = PBXFileReference; fileEncoding = 4; lastKnownFileType = sourcecode.swift; path = ViewManager.swift; sourceTree = "<group>"; };
		351DD45221C4F637007E94FA /* TransferSuccessController.swift */ = {isa = PBXFileReference; fileEncoding = 4; lastKnownFileType = sourcecode.swift; path = TransferSuccessController.swift; sourceTree = "<group>"; };
		351DD45421C4F8D9007E94FA /* JXSelectView.swift */ = {isa = PBXFileReference; fileEncoding = 4; lastKnownFileType = sourcecode.swift; path = JXSelectView.swift; sourceTree = "<group>"; };
		351DD45621C520EB007E94FA /* ReceiptViewController.swift */ = {isa = PBXFileReference; lastKnownFileType = sourcecode.swift; path = ReceiptViewController.swift; sourceTree = "<group>"; };
		351DD45821C5436C007E94FA /* ImageTitleCell.swift */ = {isa = PBXFileReference; fileEncoding = 4; lastKnownFileType = sourcecode.swift; path = ImageTitleCell.swift; sourceTree = "<group>"; };
		351DD45921C5436D007E94FA /* ImageTitleCell.xib */ = {isa = PBXFileReference; fileEncoding = 4; lastKnownFileType = file.xib; path = ImageTitleCell.xib; sourceTree = "<group>"; };
		351DD45C21C61D4F007E94FA /* Export.storyboard */ = {isa = PBXFileReference; lastKnownFileType = file.storyboard; path = Export.storyboard; sourceTree = "<group>"; };
		351DD45E21C61FAC007E94FA /* ExportPKTextController.swift */ = {isa = PBXFileReference; lastKnownFileType = sourcecode.swift; path = ExportPKTextController.swift; sourceTree = "<group>"; };
		351DD46021C61FC6007E94FA /* ExportPKCodeController.swift */ = {isa = PBXFileReference; lastKnownFileType = sourcecode.swift; path = ExportPKCodeController.swift; sourceTree = "<group>"; };
		351DD46221C6230F007E94FA /* JXShadowButton.swift */ = {isa = PBXFileReference; lastKnownFileType = sourcecode.swift; path = JXShadowButton.swift; sourceTree = "<group>"; };
		3522818F20BA96CD001A0CA8 /* CreateWalletController.swift */ = {isa = PBXFileReference; lastKnownFileType = sourcecode.swift; path = CreateWalletController.swift; sourceTree = "<group>"; };
		35249D5120C15139001C1140 /* WalletManager.swift */ = {isa = PBXFileReference; lastKnownFileType = sourcecode.swift; path = WalletManager.swift; sourceTree = "<group>"; };
		35249D5320C1558E001C1140 /* WalletHeadCell.swift */ = {isa = PBXFileReference; lastKnownFileType = sourcecode.swift; path = WalletHeadCell.swift; sourceTree = "<group>"; };
		35249D5420C1558E001C1140 /* WalletHeadCell.xib */ = {isa = PBXFileReference; lastKnownFileType = file.xib; path = WalletHeadCell.xib; sourceTree = "<group>"; };
		35249D5B20C2433D001C1140 /* TransferViewController.swift */ = {isa = PBXFileReference; lastKnownFileType = sourcecode.swift; path = TransferViewController.swift; sourceTree = "<group>"; };
		3598764E20DA25E70027F982 /* ImportWalletController.swift */ = {isa = PBXFileReference; lastKnownFileType = sourcecode.swift; path = ImportWalletController.swift; sourceTree = "<group>"; };
		3598765020DA260C0027F982 /* PrivateKeyController.swift */ = {isa = PBXFileReference; lastKnownFileType = sourcecode.swift; path = PrivateKeyController.swift; sourceTree = "<group>"; };
		3598765220DA26220027F982 /* KeyStoreController.swift */ = {isa = PBXFileReference; lastKnownFileType = sourcecode.swift; path = KeyStoreController.swift; sourceTree = "<group>"; };
		3598765420DA2C5D0027F982 /* WalletListController.swift */ = {isa = PBXFileReference; lastKnownFileType = sourcecode.swift; path = WalletListController.swift; sourceTree = "<group>"; };
		3598765620DA37200027F982 /* SettingViewController.swift */ = {isa = PBXFileReference; lastKnownFileType = sourcecode.swift; path = SettingViewController.swift; sourceTree = "<group>"; };
		3598766120DBA2250027F982 /* String+Extension.swift */ = {isa = PBXFileReference; lastKnownFileType = sourcecode.swift; path = "String+Extension.swift"; sourceTree = "<group>"; };
		3598766320DBD1770027F982 /* WalletDetailController.swift */ = {isa = PBXFileReference; lastKnownFileType = sourcecode.swift; path = WalletDetailController.swift; sourceTree = "<group>"; };
		3598766920DC922C0027F982 /* ExportKSViewController.swift */ = {isa = PBXFileReference; lastKnownFileType = sourcecode.swift; path = ExportKSViewController.swift; sourceTree = "<group>"; };
		3598766B20DC92630027F982 /* ExportKSTextController.swift */ = {isa = PBXFileReference; lastKnownFileType = sourcecode.swift; path = ExportKSTextController.swift; sourceTree = "<group>"; };
		3598766D20DC927E0027F982 /* ExportPKViewController.swift */ = {isa = PBXFileReference; lastKnownFileType = sourcecode.swift; path = ExportPKViewController.swift; sourceTree = "<group>"; };
		3598766F20DC92C60027F982 /* ExportKSCodeController.swift */ = {isa = PBXFileReference; lastKnownFileType = sourcecode.swift; path = ExportKSCodeController.swift; sourceTree = "<group>"; };
		3598767120DCFED60027F982 /* ModifyPasswordController.swift */ = {isa = PBXFileReference; lastKnownFileType = sourcecode.swift; path = ModifyPasswordController.swift; sourceTree = "<group>"; };
		3598767320DE1F5F0027F982 /* EthUnit.swift */ = {isa = PBXFileReference; lastKnownFileType = sourcecode.swift; path = EthUnit.swift; sourceTree = "<group>"; };
		3598767620DE3D430027F982 /* AddPropertyController.swift */ = {isa = PBXFileReference; lastKnownFileType = sourcecode.swift; path = AddPropertyController.swift; sourceTree = "<group>"; };
		3598767820DE3E430027F982 /* AddPropertyCell.swift */ = {isa = PBXFileReference; lastKnownFileType = sourcecode.swift; path = AddPropertyCell.swift; sourceTree = "<group>"; };
		3598767920DE3E430027F982 /* AddPropertyCell.xib */ = {isa = PBXFileReference; lastKnownFileType = file.xib; path = AddPropertyCell.xib; sourceTree = "<group>"; };
		3598767D20DE42980027F982 /* PropertyModel.swift */ = {isa = PBXFileReference; lastKnownFileType = sourcecode.swift; path = PropertyModel.swift; sourceTree = "<group>"; };
		3598767F20E0D5BC0027F982 /* Web3VM.swift */ = {isa = PBXFileReference; lastKnownFileType = sourcecode.swift; path = Web3VM.swift; sourceTree = "<group>"; };
		35A0F34321C63ECF006B2F65 /* WalletAddressController.swift */ = {isa = PBXFileReference; lastKnownFileType = sourcecode.swift; path = WalletAddressController.swift; sourceTree = "<group>"; };
		35A0F34521C661C4006B2F65 /* CreateSuccessController.swift */ = {isa = PBXFileReference; lastKnownFileType = sourcecode.swift; path = CreateSuccessController.swift; sourceTree = "<group>"; };
		35A0F34721C667D7006B2F65 /* Import.storyboard */ = {isa = PBXFileReference; lastKnownFileType = file.storyboard; path = Import.storyboard; sourceTree = "<group>"; };
		35A0F34D21C7CA11006B2F65 /* ExportMnemonicController.swift */ = {isa = PBXFileReference; lastKnownFileType = sourcecode.swift; path = ExportMnemonicController.swift; sourceTree = "<group>"; };
		35A0F34F21C7CA3C006B2F65 /* VerifyMnemonicController.swift */ = {isa = PBXFileReference; lastKnownFileType = sourcecode.swift; path = VerifyMnemonicController.swift; sourceTree = "<group>"; };
		35CB0D9420BA5FB60092C5FC /* EthWallet.app */ = {isa = PBXFileReference; explicitFileType = wrapper.application; includeInIndex = 0; path = EthWallet.app; sourceTree = BUILT_PRODUCTS_DIR; };
		35CB0D9720BA5FB60092C5FC /* AppDelegate.swift */ = {isa = PBXFileReference; lastKnownFileType = sourcecode.swift; path = AppDelegate.swift; sourceTree = "<group>"; };
		35CB0D9920BA5FB60092C5FC /* WalletViewController.swift */ = {isa = PBXFileReference; lastKnownFileType = sourcecode.swift; path = WalletViewController.swift; sourceTree = "<group>"; };
		35CB0D9C20BA5FB60092C5FC /* Base */ = {isa = PBXFileReference; lastKnownFileType = file.storyboard; name = Base; path = Base.lproj/Main.storyboard; sourceTree = "<group>"; };
		35CB0D9E20BA5FB70092C5FC /* Assets.xcassets */ = {isa = PBXFileReference; lastKnownFileType = folder.assetcatalog; path = Assets.xcassets; sourceTree = "<group>"; };
		35CB0DA120BA5FB70092C5FC /* Base */ = {isa = PBXFileReference; lastKnownFileType = file.storyboard; name = Base; path = Base.lproj/LaunchScreen.storyboard; sourceTree = "<group>"; };
		35CB0DA320BA5FB70092C5FC /* Info.plist */ = {isa = PBXFileReference; lastKnownFileType = text.plist.xml; path = Info.plist; sourceTree = "<group>"; };
		6BD3BFD07CD096619AFC33EE /* Pods-EthWallet.debug.xcconfig */ = {isa = PBXFileReference; includeInIndex = 1; lastKnownFileType = text.xcconfig; name = "Pods-EthWallet.debug.xcconfig"; path = "Pods/Target Support Files/Pods-EthWallet/Pods-EthWallet.debug.xcconfig"; sourceTree = "<group>"; };
		7518EA53B258D888D7217D43 /* Pods-EthWallet.release.xcconfig */ = {isa = PBXFileReference; includeInIndex = 1; lastKnownFileType = text.xcconfig; name = "Pods-EthWallet.release.xcconfig"; path = "Pods/Target Support Files/Pods-EthWallet/Pods-EthWallet.release.xcconfig"; sourceTree = "<group>"; };
		753B3A59D710853FB2B6B8C7 /* Pods_EthWallet.framework */ = {isa = PBXFileReference; explicitFileType = wrapper.framework; includeInIndex = 0; path = Pods_EthWallet.framework; sourceTree = BUILT_PRODUCTS_DIR; };
/* End PBXFileReference section */

/* Begin PBXFrameworksBuildPhase section */
		35CB0D9120BA5FB60092C5FC /* Frameworks */ = {
			isa = PBXFrameworksBuildPhase;
			buildActionMask = 2147483647;
			files = (
				E9958A189CFB426FC19EE7BD /* Pods_EthWallet.framework in Frameworks */,
			);
			runOnlyForDeploymentPostprocessing = 0;
		};
/* End PBXFrameworksBuildPhase section */

/* Begin PBXGroup section */
		351DD42521C4A274007E94FA /* Basic */ = {
			isa = PBXGroup;
			children = (
				351DD43E21C4A325007E94FA /* UIView+Inherit */,
				351DD42621C4A274007E94FA /* ViewModel */,
				351DD42821C4A274007E94FA /* Model */,
				351DD42A21C4A275007E94FA /* View */,
				351DD42C21C4A275007E94FA /* ViewController */,
			);
			path = Basic;
			sourceTree = "<group>";
		};
		351DD42621C4A274007E94FA /* ViewModel */ = {
			isa = PBXGroup;
			children = (
				351DD42721C4A274007E94FA /* BaseViewModel.swift */,
			);
			path = ViewModel;
			sourceTree = "<group>";
		};
		351DD42821C4A274007E94FA /* Model */ = {
			isa = PBXGroup;
			children = (
				351DD42921C4A275007E94FA /* BaseModel.swift */,
			);
			path = Model;
			sourceTree = "<group>";
		};
		351DD42A21C4A275007E94FA /* View */ = {
			isa = PBXGroup;
			children = (
				351DD42B21C4A275007E94FA /* JXDefaultView.swift */,
			);
			path = View;
			sourceTree = "<group>";
		};
		351DD42C21C4A275007E94FA /* ViewController */ = {
			isa = PBXGroup;
			children = (
				351DD42D21C4A275007E94FA /* JXCollectionViewController.swift */,
				351DD42E21C4A275007E94FA /* JXNavigationController.swift */,
				351DD42F21C4A275007E94FA /* JXBaseViewController.swift */,
				351DD43021C4A275007E94FA /* ZPCollectionViewController.swift */,
				351DD43121C4A275007E94FA /* JXWkWebViewController.swift */,
				351DD43221C4A275007E94FA /* JSTableViewController.swift */,
				351DD43321C4A275007E94FA /* JXTableViewController.swift */,
			);
			path = ViewController;
			sourceTree = "<group>";
		};
		351DD43E21C4A325007E94FA /* UIView+Inherit */ = {
			isa = PBXGroup;
			children = (
				351DD43F21C4A325007E94FA /* JXNavigationBar.swift */,
			);
			path = "UIView+Inherit";
			sourceTree = "<group>";
		};
		351DD44521C4C827007E94FA /* View */ = {
			isa = PBXGroup;
			children = (
				35249D5320C1558E001C1140 /* WalletHeadCell.swift */,
				35249D5420C1558E001C1140 /* WalletHeadCell.xib */,
				351DD44621C4C918007E94FA /* JXActionCell.swift */,
				351DD44821C4C918007E94FA /* JXActionCell.xib */,
				351DD44721C4C918007E94FA /* PropertyViewCell.swift */,
				351DD44921C4C918007E94FA /* PropertyViewCell.xib */,
				351DD45821C5436C007E94FA /* ImageTitleCell.swift */,
				351DD45921C5436D007E94FA /* ImageTitleCell.xib */,
				3598767820DE3E430027F982 /* AddPropertyCell.swift */,
				3598767920DE3E430027F982 /* AddPropertyCell.xib */,
				351DD46221C6230F007E94FA /* JXShadowButton.swift */,
			);
			path = View;
			sourceTree = "<group>";
		};
		3598766520DC91510027F982 /* import */ = {
			isa = PBXGroup;
			children = (
				3598765020DA260C0027F982 /* PrivateKeyController.swift */,
				3598765220DA26220027F982 /* KeyStoreController.swift */,
				35A0F34721C667D7006B2F65 /* Import.storyboard */,
			);
			path = import;
			sourceTree = "<group>";
		};
		3598766620DC91650027F982 /* export */ = {
			isa = PBXGroup;
			children = (
				351DD45C21C61D4F007E94FA /* Export.storyboard */,
				3598766920DC922C0027F982 /* ExportKSViewController.swift */,
				3598766B20DC92630027F982 /* ExportKSTextController.swift */,
				3598766F20DC92C60027F982 /* ExportKSCodeController.swift */,
				3598766D20DC927E0027F982 /* ExportPKViewController.swift */,
				351DD45E21C61FAC007E94FA /* ExportPKTextController.swift */,
				351DD46021C61FC6007E94FA /* ExportPKCodeController.swift */,
				35A0F34D21C7CA11006B2F65 /* ExportMnemonicController.swift */,
				35A0F34F21C7CA3C006B2F65 /* VerifyMnemonicController.swift */,
			);
			path = export;
			sourceTree = "<group>";
		};
		3598766720DC919A0027F982 /* wallet */ = {
			isa = PBXGroup;
			children = (
				3522818F20BA96CD001A0CA8 /* CreateWalletController.swift */,
				35A0F34521C661C4006B2F65 /* CreateSuccessController.swift */,
				3598764E20DA25E70027F982 /* ImportWalletController.swift */,
				3598765420DA2C5D0027F982 /* WalletListController.swift */,
				3598766320DBD1770027F982 /* WalletDetailController.swift */,
				35A0F34321C63ECF006B2F65 /* WalletAddressController.swift */,
				3598767120DCFED60027F982 /* ModifyPasswordController.swift */,
			);
			path = wallet;
			sourceTree = "<group>";
		};
		3598766820DC91B60027F982 /* setting */ = {
			isa = PBXGroup;
			children = (
				3598765620DA37200027F982 /* SettingViewController.swift */,
			);
			path = setting;
			sourceTree = "<group>";
		};
		3598767520DE3A560027F982 /* property */ = {
			isa = PBXGroup;
			children = (
				351DD44E21C4DED5007E94FA /* PropertyViewController.swift */,
				35249D5B20C2433D001C1140 /* TransferViewController.swift */,
				351DD45221C4F637007E94FA /* TransferSuccessController.swift */,
				351DD45621C520EB007E94FA /* ReceiptViewController.swift */,
				3598767620DE3D430027F982 /* AddPropertyController.swift */,
			);
			path = property;
			sourceTree = "<group>";
		};
		3598767C20DE42790027F982 /* Model */ = {
			isa = PBXGroup;
			children = (
				3598767D20DE42980027F982 /* PropertyModel.swift */,
			);
			path = Model;
			sourceTree = "<group>";
		};
		3598768120E0D5D00027F982 /* ViewModel */ = {
			isa = PBXGroup;
			children = (
				3598767F20E0D5BC0027F982 /* Web3VM.swift */,
			);
			path = ViewModel;
			sourceTree = "<group>";
		};
		35A0F34921C6991B006B2F65 /* ViewController */ = {
			isa = PBXGroup;
			children = (
				3598766520DC91510027F982 /* import */,
				3598766620DC91650027F982 /* export */,
				3598766720DC919A0027F982 /* wallet */,
				3598766820DC91B60027F982 /* setting */,
				3598767520DE3A560027F982 /* property */,
			);
			path = ViewController;
			sourceTree = "<group>";
		};
		35A0F34A21C69942006B2F65 /* Lib */ = {
			isa = PBXGroup;
			children = (
				351DD45421C4F8D9007E94FA /* JXSelectView.swift */,
				351DD44121C4A84E007E94FA /* ConstantHeader.swift */,
				3598766120DBA2250027F982 /* String+Extension.swift */,
				351DD45021C4F5D6007E94FA /* ViewManager.swift */,
				35249D5120C15139001C1140 /* WalletManager.swift */,
				351DD44321C4B3DB007E94FA /* JXRequest.swift */,
				3598767320DE1F5F0027F982 /* EthUnit.swift */,
			);
			path = Lib;
			sourceTree = "<group>";
		};
		35CB0D8B20BA5FB60092C5FC = {
			isa = PBXGroup;
			children = (
				35CB0D9620BA5FB60092C5FC /* EthWallet */,
				35CB0D9520BA5FB60092C5FC /* Products */,
				35CB0DA920BA61920092C5FC /* Frameworks */,
				A5698E61B4ABB9AE9895AF88 /* Pods */,
			);
			sourceTree = "<group>";
		};
		35CB0D9520BA5FB60092C5FC /* Products */ = {
			isa = PBXGroup;
			children = (
				35CB0D9420BA5FB60092C5FC /* EthWallet.app */,
			);
			name = Products;
			sourceTree = "<group>";
		};
		35CB0D9620BA5FB60092C5FC /* EthWallet */ = {
			isa = PBXGroup;
			children = (
				35A0F34A21C69942006B2F65 /* Lib */,
				35A0F34921C6991B006B2F65 /* ViewController */,
				351DD42521C4A274007E94FA /* Basic */,
				3598768120E0D5D00027F982 /* ViewModel */,
				351DD44521C4C827007E94FA /* View */,
				3598767C20DE42790027F982 /* Model */,
				35CB0D9720BA5FB60092C5FC /* AppDelegate.swift */,
				35CB0D9920BA5FB60092C5FC /* WalletViewController.swift */,
				35CB0D9B20BA5FB60092C5FC /* Main.storyboard */,
				35CB0D9E20BA5FB70092C5FC /* Assets.xcassets */,
				35CB0DA020BA5FB70092C5FC /* LaunchScreen.storyboard */,
				35CB0DA320BA5FB70092C5FC /* Info.plist */,
			);
			path = EthWallet;
			sourceTree = "<group>";
		};
		35CB0DA920BA61920092C5FC /* Frameworks */ = {
			isa = PBXGroup;
			children = (
				753B3A59D710853FB2B6B8C7 /* Pods_EthWallet.framework */,
			);
			name = Frameworks;
			sourceTree = "<group>";
		};
		A5698E61B4ABB9AE9895AF88 /* Pods */ = {
			isa = PBXGroup;
			children = (
				6BD3BFD07CD096619AFC33EE /* Pods-EthWallet.debug.xcconfig */,
				7518EA53B258D888D7217D43 /* Pods-EthWallet.release.xcconfig */,
			);
			name = Pods;
			sourceTree = "<group>";
		};
/* End PBXGroup section */

/* Begin PBXNativeTarget section */
		35CB0D9320BA5FB60092C5FC /* EthWallet */ = {
			isa = PBXNativeTarget;
			buildConfigurationList = 35CB0DA620BA5FB70092C5FC /* Build configuration list for PBXNativeTarget "EthWallet" */;
			buildPhases = (
				8E4E1F92445F8A9401760726 /* [CP] Check Pods Manifest.lock */,
				35CB0D9020BA5FB60092C5FC /* Sources */,
				35CB0D9120BA5FB60092C5FC /* Frameworks */,
				35CB0D9220BA5FB60092C5FC /* Resources */,
				35CB0DAC20BA619E0092C5FC /* ShellScript */,
				352281A120BAA608001A0CA8 /* Embed Frameworks */,
				FA9E25334B38DEC2BE3D2D89 /* [CP] Embed Pods Frameworks */,
			);
			buildRules = (
			);
			dependencies = (
			);
			name = EthWallet;
			productName = EthWallet;
			productReference = 35CB0D9420BA5FB60092C5FC /* EthWallet.app */;
			productType = "com.apple.product-type.application";
		};
/* End PBXNativeTarget section */

/* Begin PBXProject section */
		35CB0D8C20BA5FB60092C5FC /* Project object */ = {
			isa = PBXProject;
			attributes = {
				LastSwiftUpdateCheck = 0930;
				LastUpgradeCheck = 0930;
				ORGANIZATIONNAME = dujinxin;
				TargetAttributes = {
					35CB0D9320BA5FB60092C5FC = {
						CreatedOnToolsVersion = 9.3;
					};
				};
			};
			buildConfigurationList = 35CB0D8F20BA5FB60092C5FC /* Build configuration list for PBXProject "EthWallet" */;
			compatibilityVersion = "Xcode 10.0";
			developmentRegion = en;
			hasScannedForEncodings = 0;
			knownRegions = (
				en,
				Base,
			);
			mainGroup = 35CB0D8B20BA5FB60092C5FC;
			productRefGroup = 35CB0D9520BA5FB60092C5FC /* Products */;
			projectDirPath = "";
			projectRoot = "";
			targets = (
				35CB0D9320BA5FB60092C5FC /* EthWallet */,
			);
		};
/* End PBXProject section */

/* Begin PBXResourcesBuildPhase section */
		35CB0D9220BA5FB60092C5FC /* Resources */ = {
			isa = PBXResourcesBuildPhase;
			buildActionMask = 2147483647;
			files = (
				351DD45B21C5436D007E94FA /* ImageTitleCell.xib in Resources */,
				35CB0DA220BA5FB70092C5FC /* LaunchScreen.storyboard in Resources */,
				35CB0D9F20BA5FB70092C5FC /* Assets.xcassets in Resources */,
				3598767B20DE3E430027F982 /* AddPropertyCell.xib in Resources */,
				351DD45D21C61D4F007E94FA /* Export.storyboard in Resources */,
				35249D5620C1558E001C1140 /* WalletHeadCell.xib in Resources */,
				35CB0D9D20BA5FB60092C5FC /* Main.storyboard in Resources */,
				35A0F34821C667D7006B2F65 /* Import.storyboard in Resources */,
				351DD44D21C4C918007E94FA /* PropertyViewCell.xib in Resources */,
				351DD44C21C4C918007E94FA /* JXActionCell.xib in Resources */,
			);
			runOnlyForDeploymentPostprocessing = 0;
		};
/* End PBXResourcesBuildPhase section */

/* Begin PBXShellScriptBuildPhase section */
		35CB0DAC20BA619E0092C5FC /* ShellScript */ = {
			isa = PBXShellScriptBuildPhase;
			buildActionMask = 12;
			files = (
			);
			inputPaths = (
			);
			outputPaths = (
			);
			runOnlyForDeploymentPostprocessing = 0;
			shellPath = /bin/sh;
			shellScript = "";
		};
		8E4E1F92445F8A9401760726 /* [CP] Check Pods Manifest.lock */ = {
			isa = PBXShellScriptBuildPhase;
			buildActionMask = 2147483647;
			files = (
			);
			inputPaths = (
				"${PODS_PODFILE_DIR_PATH}/Podfile.lock",
				"${PODS_ROOT}/Manifest.lock",
			);
			name = "[CP] Check Pods Manifest.lock";
			outputPaths = (
				"$(DERIVED_FILE_DIR)/Pods-EthWallet-checkManifestLockResult.txt",
			);
			runOnlyForDeploymentPostprocessing = 0;
			shellPath = /bin/sh;
			shellScript = "diff \"${PODS_PODFILE_DIR_PATH}/Podfile.lock\" \"${PODS_ROOT}/Manifest.lock\" > /dev/null\nif [ $? != 0 ] ; then\n    # print error to STDERR\n    echo \"error: The sandbox is not in sync with the Podfile.lock. Run 'pod install' or update your CocoaPods installation.\" >&2\n    exit 1\nfi\n# This output is used by Xcode 'outputs' to avoid re-running this script phase.\necho \"SUCCESS\" > \"${SCRIPT_OUTPUT_FILE_0}\"\n";
			showEnvVarsInLog = 0;
		};
		FA9E25334B38DEC2BE3D2D89 /* [CP] Embed Pods Frameworks */ = {
			isa = PBXShellScriptBuildPhase;
			buildActionMask = 2147483647;
			files = (
			);
			inputPaths = (
				"${SRCROOT}/Pods/Target Support Files/Pods-EthWallet/Pods-EthWallet-frameworks.sh",
				"${BUILT_PRODUCTS_DIR}/AFNetworking/AFNetworking.framework",
				"${BUILT_PRODUCTS_DIR}/BigInt/BigInt.framework",
				"${BUILT_PRODUCTS_DIR}/FMDB/FMDB.framework",
				"${BUILT_PRODUCTS_DIR}/JXFMDBHelper/JXFMDBHelper.framework",
				"${BUILT_PRODUCTS_DIR}/JXFoundation/JXFoundation.framework",
				"${BUILT_PRODUCTS_DIR}/JX_AFNetworking/JX_AFNetworking.framework",
				"${BUILT_PRODUCTS_DIR}/MBProgressHUD/MBProgressHUD.framework",
				"${BUILT_PRODUCTS_DIR}/MJRefresh/MJRefresh.framework",
				"${BUILT_PRODUCTS_DIR}/PromiseKit/PromiseKit.framework",
				"${BUILT_PRODUCTS_DIR}/SipHash/SipHash.framework",
				"${BUILT_PRODUCTS_DIR}/keccak.c/keccak.framework",
				"${BUILT_PRODUCTS_DIR}/scrypt.c/scrypt.framework",
				"${BUILT_PRODUCTS_DIR}/secp256k1.c/secp256k1.framework",
				"${BUILT_PRODUCTS_DIR}/web3swift.pod/web3swift.framework",
			);
			name = "[CP] Embed Pods Frameworks";
			outputPaths = (
				"${TARGET_BUILD_DIR}/${FRAMEWORKS_FOLDER_PATH}/AFNetworking.framework",
				"${TARGET_BUILD_DIR}/${FRAMEWORKS_FOLDER_PATH}/BigInt.framework",
				"${TARGET_BUILD_DIR}/${FRAMEWORKS_FOLDER_PATH}/FMDB.framework",
				"${TARGET_BUILD_DIR}/${FRAMEWORKS_FOLDER_PATH}/JXFMDBHelper.framework",
				"${TARGET_BUILD_DIR}/${FRAMEWORKS_FOLDER_PATH}/JXFoundation.framework",
				"${TARGET_BUILD_DIR}/${FRAMEWORKS_FOLDER_PATH}/JX_AFNetworking.framework",
				"${TARGET_BUILD_DIR}/${FRAMEWORKS_FOLDER_PATH}/MBProgressHUD.framework",
				"${TARGET_BUILD_DIR}/${FRAMEWORKS_FOLDER_PATH}/MJRefresh.framework",
				"${TARGET_BUILD_DIR}/${FRAMEWORKS_FOLDER_PATH}/PromiseKit.framework",
				"${TARGET_BUILD_DIR}/${FRAMEWORKS_FOLDER_PATH}/SipHash.framework",
				"${TARGET_BUILD_DIR}/${FRAMEWORKS_FOLDER_PATH}/keccak.framework",
				"${TARGET_BUILD_DIR}/${FRAMEWORKS_FOLDER_PATH}/scrypt.framework",
				"${TARGET_BUILD_DIR}/${FRAMEWORKS_FOLDER_PATH}/secp256k1.framework",
				"${TARGET_BUILD_DIR}/${FRAMEWORKS_FOLDER_PATH}/web3swift.framework",
			);
			runOnlyForDeploymentPostprocessing = 0;
			shellPath = /bin/sh;
			shellScript = "\"${SRCROOT}/Pods/Target Support Files/Pods-EthWallet/Pods-EthWallet-frameworks.sh\"\n";
			showEnvVarsInLog = 0;
		};
/* End PBXShellScriptBuildPhase section */

/* Begin PBXSourcesBuildPhase section */
		35CB0D9020BA5FB60092C5FC /* Sources */ = {
			isa = PBXSourcesBuildPhase;
			buildActionMask = 2147483647;
			files = (
				351DD43721C4A275007E94FA /* JXCollectionViewController.swift in Sources */,
				35249D5C20C2433D001C1140 /* TransferViewController.swift in Sources */,
				351DD43921C4A275007E94FA /* JXBaseViewController.swift in Sources */,
				3598767E20DE42980027F982 /* PropertyModel.swift in Sources */,
				351DD45A21C5436D007E94FA /* ImageTitleCell.swift in Sources */,
				351DD43A21C4A275007E94FA /* ZPCollectionViewController.swift in Sources */,
				3598766220DBA2250027F982 /* String+Extension.swift in Sources */,
				3598767420DE1F5F0027F982 /* EthUnit.swift in Sources */,
				35A0F35021C7CA3C006B2F65 /* VerifyMnemonicController.swift in Sources */,
				351DD44F21C4DED5007E94FA /* PropertyViewController.swift in Sources */,
				3598765320DA26220027F982 /* KeyStoreController.swift in Sources */,
				35249D5520C1558E001C1140 /* WalletHeadCell.swift in Sources */,
				3598766420DBD1770027F982 /* WalletDetailController.swift in Sources */,
				35A0F34621C661C4006B2F65 /* CreateSuccessController.swift in Sources */,
				35A0F34421C63ECF006B2F65 /* WalletAddressController.swift in Sources */,
				351DD45521C4F8DA007E94FA /* JXSelectView.swift in Sources */,
				351DD43D21C4A275007E94FA /* JXTableViewController.swift in Sources */,
				3598768020E0D5BC0027F982 /* Web3VM.swift in Sources */,
				351DD43B21C4A275007E94FA /* JXWkWebViewController.swift in Sources */,
				3598765720DA37200027F982 /* SettingViewController.swift in Sources */,
				351DD45721C520EB007E94FA /* ReceiptViewController.swift in Sources */,
				3598766E20DC927E0027F982 /* ExportPKViewController.swift in Sources */,
				351DD44021C4A325007E94FA /* JXNavigationBar.swift in Sources */,
				351DD43821C4A275007E94FA /* JXNavigationController.swift in Sources */,
				351DD44A21C4C918007E94FA /* JXActionCell.swift in Sources */,
				351DD46121C61FC6007E94FA /* ExportPKCodeController.swift in Sources */,
				351DD45121C4F5D6007E94FA /* ViewManager.swift in Sources */,
				35CB0D9A20BA5FB60092C5FC /* WalletViewController.swift in Sources */,
				3598766A20DC922C0027F982 /* ExportKSViewController.swift in Sources */,
				3598765520DA2C5D0027F982 /* WalletListController.swift in Sources */,
				3598767020DC92C60027F982 /* ExportKSCodeController.swift in Sources */,
				35CB0D9820BA5FB60092C5FC /* AppDelegate.swift in Sources */,
				351DD43521C4A275007E94FA /* BaseModel.swift in Sources */,
				351DD43421C4A275007E94FA /* BaseViewModel.swift in Sources */,
				35249D5220C15139001C1140 /* WalletManager.swift in Sources */,
				3598767720DE3D430027F982 /* AddPropertyController.swift in Sources */,
				3598764F20DA25E70027F982 /* ImportWalletController.swift in Sources */,
				351DD45321C4F637007E94FA /* TransferSuccessController.swift in Sources */,
				351DD44421C4B3DB007E94FA /* JXRequest.swift in Sources */,
				351DD43621C4A275007E94FA /* JXDefaultView.swift in Sources */,
				3598767220DCFED60027F982 /* ModifyPasswordController.swift in Sources */,
				3598766C20DC92630027F982 /* ExportKSTextController.swift in Sources */,
				3598767A20DE3E430027F982 /* AddPropertyCell.swift in Sources */,
				3522819020BA96CD001A0CA8 /* CreateWalletController.swift in Sources */,
				351DD44221C4A84E007E94FA /* ConstantHeader.swift in Sources */,
				351DD43C21C4A275007E94FA /* JSTableViewController.swift in Sources */,
				351DD45F21C61FAC007E94FA /* ExportPKTextController.swift in Sources */,
				351DD46321C6230F007E94FA /* JXShadowButton.swift in Sources */,
				3598765120DA260C0027F982 /* PrivateKeyController.swift in Sources */,
				35A0F34E21C7CA11006B2F65 /* ExportMnemonicController.swift in Sources */,
				351DD44B21C4C918007E94FA /* PropertyViewCell.swift in Sources */,
			);
			runOnlyForDeploymentPostprocessing = 0;
		};
/* End PBXSourcesBuildPhase section */

/* Begin PBXVariantGroup section */
		35CB0D9B20BA5FB60092C5FC /* Main.storyboard */ = {
			isa = PBXVariantGroup;
			children = (
				35CB0D9C20BA5FB60092C5FC /* Base */,
			);
			name = Main.storyboard;
			sourceTree = "<group>";
		};
		35CB0DA020BA5FB70092C5FC /* LaunchScreen.storyboard */ = {
			isa = PBXVariantGroup;
			children = (
				35CB0DA120BA5FB70092C5FC /* Base */,
			);
			name = LaunchScreen.storyboard;
			sourceTree = "<group>";
		};
/* End PBXVariantGroup section */

/* Begin XCBuildConfiguration section */
		35CB0DA420BA5FB70092C5FC /* Debug */ = {
			isa = XCBuildConfiguration;
			buildSettings = {
				ALWAYS_SEARCH_USER_PATHS = NO;
				CLANG_ANALYZER_NONNULL = YES;
				CLANG_ANALYZER_NUMBER_OBJECT_CONVERSION = YES_AGGRESSIVE;
				CLANG_CXX_LANGUAGE_STANDARD = "gnu++14";
				CLANG_CXX_LIBRARY = "libc++";
				CLANG_ENABLE_MODULES = YES;
				CLANG_ENABLE_OBJC_ARC = YES;
				CLANG_ENABLE_OBJC_WEAK = YES;
				CLANG_WARN_BLOCK_CAPTURE_AUTORELEASING = YES;
				CLANG_WARN_BOOL_CONVERSION = YES;
				CLANG_WARN_COMMA = YES;
				CLANG_WARN_CONSTANT_CONVERSION = YES;
				CLANG_WARN_DEPRECATED_OBJC_IMPLEMENTATIONS = YES;
				CLANG_WARN_DIRECT_OBJC_ISA_USAGE = YES_ERROR;
				CLANG_WARN_DOCUMENTATION_COMMENTS = YES;
				CLANG_WARN_EMPTY_BODY = YES;
				CLANG_WARN_ENUM_CONVERSION = YES;
				CLANG_WARN_INFINITE_RECURSION = YES;
				CLANG_WARN_INT_CONVERSION = YES;
				CLANG_WARN_NON_LITERAL_NULL_CONVERSION = YES;
				CLANG_WARN_OBJC_IMPLICIT_RETAIN_SELF = YES;
				CLANG_WARN_OBJC_LITERAL_CONVERSION = YES;
				CLANG_WARN_OBJC_ROOT_CLASS = YES_ERROR;
				CLANG_WARN_RANGE_LOOP_ANALYSIS = YES;
				CLANG_WARN_STRICT_PROTOTYPES = YES;
				CLANG_WARN_SUSPICIOUS_MOVE = YES;
				CLANG_WARN_UNGUARDED_AVAILABILITY = YES_AGGRESSIVE;
				CLANG_WARN_UNREACHABLE_CODE = YES;
				CLANG_WARN__DUPLICATE_METHOD_MATCH = YES;
				CODE_SIGN_IDENTITY = "iPhone Developer";
				COPY_PHASE_STRIP = NO;
				DEBUG_INFORMATION_FORMAT = dwarf;
				ENABLE_STRICT_OBJC_MSGSEND = YES;
				ENABLE_TESTABILITY = YES;
				GCC_C_LANGUAGE_STANDARD = gnu11;
				GCC_DYNAMIC_NO_PIC = NO;
				GCC_NO_COMMON_BLOCKS = YES;
				GCC_OPTIMIZATION_LEVEL = 0;
				GCC_PREPROCESSOR_DEFINITIONS = (
					"DEBUG=1",
					"$(inherited)",
				);
				GCC_WARN_64_TO_32_BIT_CONVERSION = YES;
				GCC_WARN_ABOUT_RETURN_TYPE = YES_ERROR;
				GCC_WARN_UNDECLARED_SELECTOR = YES;
				GCC_WARN_UNINITIALIZED_AUTOS = YES_AGGRESSIVE;
				GCC_WARN_UNUSED_FUNCTION = YES;
				GCC_WARN_UNUSED_VARIABLE = YES;
				IPHONEOS_DEPLOYMENT_TARGET = 11.3;
				MTL_ENABLE_DEBUG_INFO = YES;
				ONLY_ACTIVE_ARCH = YES;
				SDKROOT = iphoneos;
				SWIFT_ACTIVE_COMPILATION_CONDITIONS = DEBUG;
				SWIFT_OPTIMIZATION_LEVEL = "-Onone";
			};
			name = Debug;
		};
		35CB0DA520BA5FB70092C5FC /* Release */ = {
			isa = XCBuildConfiguration;
			buildSettings = {
				ALWAYS_SEARCH_USER_PATHS = NO;
				CLANG_ANALYZER_NONNULL = YES;
				CLANG_ANALYZER_NUMBER_OBJECT_CONVERSION = YES_AGGRESSIVE;
				CLANG_CXX_LANGUAGE_STANDARD = "gnu++14";
				CLANG_CXX_LIBRARY = "libc++";
				CLANG_ENABLE_MODULES = YES;
				CLANG_ENABLE_OBJC_ARC = YES;
				CLANG_ENABLE_OBJC_WEAK = YES;
				CLANG_WARN_BLOCK_CAPTURE_AUTORELEASING = YES;
				CLANG_WARN_BOOL_CONVERSION = YES;
				CLANG_WARN_COMMA = YES;
				CLANG_WARN_CONSTANT_CONVERSION = YES;
				CLANG_WARN_DEPRECATED_OBJC_IMPLEMENTATIONS = YES;
				CLANG_WARN_DIRECT_OBJC_ISA_USAGE = YES_ERROR;
				CLANG_WARN_DOCUMENTATION_COMMENTS = YES;
				CLANG_WARN_EMPTY_BODY = YES;
				CLANG_WARN_ENUM_CONVERSION = YES;
				CLANG_WARN_INFINITE_RECURSION = YES;
				CLANG_WARN_INT_CONVERSION = YES;
				CLANG_WARN_NON_LITERAL_NULL_CONVERSION = YES;
				CLANG_WARN_OBJC_IMPLICIT_RETAIN_SELF = YES;
				CLANG_WARN_OBJC_LITERAL_CONVERSION = YES;
				CLANG_WARN_OBJC_ROOT_CLASS = YES_ERROR;
				CLANG_WARN_RANGE_LOOP_ANALYSIS = YES;
				CLANG_WARN_STRICT_PROTOTYPES = YES;
				CLANG_WARN_SUSPICIOUS_MOVE = YES;
				CLANG_WARN_UNGUARDED_AVAILABILITY = YES_AGGRESSIVE;
				CLANG_WARN_UNREACHABLE_CODE = YES;
				CLANG_WARN__DUPLICATE_METHOD_MATCH = YES;
				CODE_SIGN_IDENTITY = "iPhone Developer";
				COPY_PHASE_STRIP = NO;
				DEBUG_INFORMATION_FORMAT = "dwarf-with-dsym";
				ENABLE_NS_ASSERTIONS = NO;
				ENABLE_STRICT_OBJC_MSGSEND = YES;
				GCC_C_LANGUAGE_STANDARD = gnu11;
				GCC_NO_COMMON_BLOCKS = YES;
				GCC_WARN_64_TO_32_BIT_CONVERSION = YES;
				GCC_WARN_ABOUT_RETURN_TYPE = YES_ERROR;
				GCC_WARN_UNDECLARED_SELECTOR = YES;
				GCC_WARN_UNINITIALIZED_AUTOS = YES_AGGRESSIVE;
				GCC_WARN_UNUSED_FUNCTION = YES;
				GCC_WARN_UNUSED_VARIABLE = YES;
				IPHONEOS_DEPLOYMENT_TARGET = 11.3;
				MTL_ENABLE_DEBUG_INFO = NO;
				SDKROOT = iphoneos;
				SWIFT_COMPILATION_MODE = wholemodule;
				SWIFT_OPTIMIZATION_LEVEL = "-O";
				VALIDATE_PRODUCT = YES;
			};
			name = Release;
		};
		35CB0DA720BA5FB70092C5FC /* Debug */ = {
			isa = XCBuildConfiguration;
			baseConfigurationReference = 6BD3BFD07CD096619AFC33EE /* Pods-EthWallet.debug.xcconfig */;
			buildSettings = {
				ASSETCATALOG_COMPILER_APPICON_NAME = AppIcon;
				CODE_SIGN_STYLE = Automatic;
				DEVELOPMENT_TEAM = JD78BK6EHC;
				FRAMEWORK_SEARCH_PATHS = "$(inherited)";
				INFOPLIST_FILE = EthWallet/Info.plist;
				IPHONEOS_DEPLOYMENT_TARGET = 10.0;
				LD_RUNPATH_SEARCH_PATHS = (
					"$(inherited)",
					"@executable_path/Frameworks",
				);
				PRODUCT_BUNDLE_IDENTIFIER = mingmai.EthWallet;
				PRODUCT_NAME = "$(TARGET_NAME)";
				SWIFT_VERSION = 4.2;
				TARGETED_DEVICE_FAMILY = "1,2";
			};
			name = Debug;
		};
		35CB0DA820BA5FB70092C5FC /* Release */ = {
			isa = XCBuildConfiguration;
			baseConfigurationReference = 7518EA53B258D888D7217D43 /* Pods-EthWallet.release.xcconfig */;
			buildSettings = {
				ASSETCATALOG_COMPILER_APPICON_NAME = AppIcon;
				CODE_SIGN_STYLE = Automatic;
				DEVELOPMENT_TEAM = JD78BK6EHC;
				FRAMEWORK_SEARCH_PATHS = "$(inherited)";
				INFOPLIST_FILE = EthWallet/Info.plist;
				IPHONEOS_DEPLOYMENT_TARGET = 10.0;
				LD_RUNPATH_SEARCH_PATHS = (
					"$(inherited)",
					"@executable_path/Frameworks",
				);
				PRODUCT_BUNDLE_IDENTIFIER = mingmai.EthWallet;
				PRODUCT_NAME = "$(TARGET_NAME)";
				SWIFT_VERSION = 4.2;
				TARGETED_DEVICE_FAMILY = "1,2";
			};
			name = Release;
		};
/* End XCBuildConfiguration section */

/* Begin XCConfigurationList section */
		35CB0D8F20BA5FB60092C5FC /* Build configuration list for PBXProject "EthWallet" */ = {
			isa = XCConfigurationList;
			buildConfigurations = (
				35CB0DA420BA5FB70092C5FC /* Debug */,
				35CB0DA520BA5FB70092C5FC /* Release */,
			);
			defaultConfigurationIsVisible = 0;
			defaultConfigurationName = Release;
		};
		35CB0DA620BA5FB70092C5FC /* Build configuration list for PBXNativeTarget "EthWallet" */ = {
			isa = XCConfigurationList;
			buildConfigurations = (
				35CB0DA720BA5FB70092C5FC /* Debug */,
				35CB0DA820BA5FB70092C5FC /* Release */,
			);
			defaultConfigurationIsVisible = 0;
			defaultConfigurationName = Release;
		};
/* End XCConfigurationList section */
	};
	rootObject = 35CB0D8C20BA5FB60092C5FC /* Project object */;
}
